
Microsoft Visual Studio Solution File, Format Version 12.00
# Visual Studio Version 16
VisualStudioVersion = 16.0.31727.386
MinimumVisualStudioVersion = 10.0.40219.1
Project("{FAE04EC0-301F-11D3-BF4B-00C04F79EFBC}") = "capaPresentacion", "capaPresentacion.csproj", "{F5158B0F-B8CF-4AE7-B33B-0987BC8888E8}"
EndProject
Project("{FAE04EC0-301F-11D3-BF4B-00C04F79EFBC}") = "capaEntidades", "capa Entidades\capaEntidades.csproj", "{B819B19F-4E4B-45EB-AFF4-D80223BAFDE3}"
EndProject
Project("{FAE04EC0-301F-11D3-BF4B-00C04F79EFBC}") = "capaDatos", "capa Datos\capaDatos.csproj", "{15AF1A1C-4B90-4778-9123-8A06F42DB6FC}"
EndProject
Project("{FAE04EC0-301F-11D3-BF4B-00C04F79EFBC}") = "CapaNegocio", "..\CapaNegocio\CapaNegocio.csproj", "{E9BD7F6B-64ED-4E5B-BD04-5CF1D13C2503}"
EndProject
Global
	GlobalSection(SolutionConfigurationPlatforms) = preSolution
		Debug|Any CPU = Debug|Any CPU
		Release|Any CPU = Release|Any CPU
	EndGlobalSection
	GlobalSection(ProjectConfigurationPlatforms) = postSolution
		{F5158B0F-B8CF-4AE7-B33B-0987BC8888E8}.Debug|Any CPU.ActiveCfg = Debug|Any CPU
		{F5158B0F-B8CF-4AE7-B33B-0987BC8888E8}.Debug|Any CPU.Build.0 = Debug|Any CPU
		{F5158B0F-B8CF-4AE7-B33B-0987BC8888E8}.Release|Any CPU.ActiveCfg = Release|Any CPU
		{F5158B0F-B8CF-4AE7-B33B-0987BC8888E8}.Release|Any CPU.Build.0 = Release|Any CPU
		{B819B19F-4E4B-45EB-AFF4-D80223BAFDE3}.Debug|Any CPU.ActiveCfg = Debug|Any CPU
		{B819B19F-4E4B-45EB-AFF4-D80223BAFDE3}.Debug|Any CPU.Build.0 = Debug|Any CPU
		{B819B19F-4E4B-45EB-AFF4-D80223BAFDE3}.Release|Any CPU.ActiveCfg = Release|Any CPU
		{B819B19F-4E4B-45EB-AFF4-D80223BAFDE3}.Release|Any CPU.Build.0 = Release|Any CPU
		{15AF1A1C-4B90-4778-9123-8A06F42DB6FC}.Debug|Any CPU.ActiveCfg = Debug|Any CPU
		{15AF1A1C-4B90-4778-9123-8A06F42DB6FC}.Debug|Any CPU.Build.0 = Debug|Any CPU
		{15AF1A1C-4B90-4778-9123-8A06F42DB6FC}.Release|Any CPU.ActiveCfg = Release|Any CPU
		{15AF1A1C-4B90-4778-9123-8A06F42DB6FC}.Release|Any CPU.Build.0 = Release|Any CPU
		{E9BD7F6B-64ED-4E5B-BD04-5CF1D13C2503}.Debug|Any CPU.ActiveCfg = Debug|Any CPU
		{E9BD7F6B-64ED-4E5B-BD04-5CF1D13C2503}.Debug|Any CPU.Build.0 = Debug|Any CPU
		{E9BD7F6B-64ED-4E5B-BD04-5CF1D13C2503}.Release|Any CPU.ActiveCfg = Release|Any CPU
		{E9BD7F6B-64ED-4E5B-BD04-5CF1D13C2503}.Release|Any CPU.Build.0 = Release|Any CPU
	EndGlobalSection
	GlobalSection(SolutionProperties) = preSolution
		HideSolutionNode = FALSE
	EndGlobalSection
	GlobalSection(ExtensibilityGlobals) = postSolution
		SolutionGuid = {891F0597-89E2-4F4A-9536-C763F1D99BF3}
	EndGlobalSection
EndGlobal
